// !$*UTF8*$!
{
	archiveVersion = 1;
	classes = {
	};
	objectVersion = 48;
	objects = {

/* Begin PBXBuildFile section */
		7ED477468833326735939F17 /* Pods_chattyKathy.framework in Frameworks */ = {isa = PBXBuildFile; fileRef = A34157D5A7D457C4737B4875 /* Pods_chattyKathy.framework */; };
		F79ACC8B204A4E3700B65AC3 /* AppDelegate.swift in Sources */ = {isa = PBXBuildFile; fileRef = F79ACC8A204A4E3700B65AC3 /* AppDelegate.swift */; };
		F79ACC90204A4E3700B65AC3 /* Main.storyboard in Resources */ = {isa = PBXBuildFile; fileRef = F79ACC8E204A4E3700B65AC3 /* Main.storyboard */; };
		F79ACC92204A4E3700B65AC3 /* Assets.xcassets in Resources */ = {isa = PBXBuildFile; fileRef = F79ACC91204A4E3700B65AC3 /* Assets.xcassets */; };
		F79ACC95204A4E3700B65AC3 /* LaunchScreen.storyboard in Resources */ = {isa = PBXBuildFile; fileRef = F79ACC93204A4E3700B65AC3 /* LaunchScreen.storyboard */; };
		F79ACC9D204A4F4200B65AC3 /* LoginViewController.swift in Sources */ = {isa = PBXBuildFile; fileRef = F79ACC9C204A4F4200B65AC3 /* LoginViewController.swift */; };
		F79ACC9F204A4FAE00B65AC3 /* ChatViewController.swift in Sources */ = {isa = PBXBuildFile; fileRef = F79ACC9E204A4FAE00B65AC3 /* ChatViewController.swift */; };
		F79ACCA6204C843A00B65AC3 /* GoogleService-Info.plist in Resources */ = {isa = PBXBuildFile; fileRef = F79ACCA5204C843A00B65AC3 /* GoogleService-Info.plist */; };
		F79ACCA8204C8F4000B65AC3 /* Helper.swift in Sources */ = {isa = PBXBuildFile; fileRef = F79ACCA7204C8F4000B65AC3 /* Helper.swift */; };
/* End PBXBuildFile section */

/* Begin PBXFileReference section */
		745107BB576B292A723CB22F /* Pods-chattyKathy.debug.xcconfig */ = {isa = PBXFileReference; includeInIndex = 1; lastKnownFileType = text.xcconfig; name = "Pods-chattyKathy.debug.xcconfig"; path = "Pods/Target Support Files/Pods-chattyKathy/Pods-chattyKathy.debug.xcconfig"; sourceTree = "<group>"; };
		A34157D5A7D457C4737B4875 /* Pods_chattyKathy.framework */ = {isa = PBXFileReference; explicitFileType = wrapper.framework; includeInIndex = 0; path = Pods_chattyKathy.framework; sourceTree = BUILT_PRODUCTS_DIR; };
		ACE6D15860791054312D75A2 /* Pods-chattyKathy.release.xcconfig */ = {isa = PBXFileReference; includeInIndex = 1; lastKnownFileType = text.xcconfig; name = "Pods-chattyKathy.release.xcconfig"; path = "Pods/Target Support Files/Pods-chattyKathy/Pods-chattyKathy.release.xcconfig"; sourceTree = "<group>"; };
		F79ACC87204A4E3700B65AC3 /* chattyKathy.app */ = {isa = PBXFileReference; explicitFileType = wrapper.application; includeInIndex = 0; path = chattyKathy.app; sourceTree = BUILT_PRODUCTS_DIR; };
		F79ACC8A204A4E3700B65AC3 /* AppDelegate.swift */ = {isa = PBXFileReference; lastKnownFileType = sourcecode.swift; path = AppDelegate.swift; sourceTree = "<group>"; };
		F79ACC8F204A4E3700B65AC3 /* Base */ = {isa = PBXFileReference; lastKnownFileType = file.storyboard; name = Base; path = Base.lproj/Main.storyboard; sourceTree = "<group>"; };
		F79ACC91204A4E3700B65AC3 /* Assets.xcassets */ = {isa = PBXFileReference; lastKnownFileType = folder.assetcatalog; path = Assets.xcassets; sourceTree = "<group>"; };
		F79ACC94204A4E3700B65AC3 /* Base */ = {isa = PBXFileReference; lastKnownFileType = file.storyboard; name = Base; path = Base.lproj/LaunchScreen.storyboard; sourceTree = "<group>"; };
		F79ACC96204A4E3700B65AC3 /* Info.plist */ = {isa = PBXFileReference; lastKnownFileType = text.plist.xml; path = Info.plist; sourceTree = "<group>"; };
		F79ACC9C204A4F4200B65AC3 /* LoginViewController.swift */ = {isa = PBXFileReference; lastKnownFileType = sourcecode.swift; path = LoginViewController.swift; sourceTree = "<group>"; };
		F79ACC9E204A4FAE00B65AC3 /* ChatViewController.swift */ = {isa = PBXFileReference; lastKnownFileType = sourcecode.swift; path = ChatViewController.swift; sourceTree = "<group>"; };
		F79ACCA5204C843A00B65AC3 /* GoogleService-Info.plist */ = {isa = PBXFileReference; fileEncoding = 4; lastKnownFileType = text.plist.xml; path = "GoogleService-Info.plist"; sourceTree = "<group>"; };
		F79ACCA7204C8F4000B65AC3 /* Helper.swift */ = {isa = PBXFileReference; lastKnownFileType = sourcecode.swift; path = Helper.swift; sourceTree = "<group>"; };
/* End PBXFileReference section */

/* Begin PBXFrameworksBuildPhase section */
		F79ACC84204A4E3700B65AC3 /* Frameworks */ = {
			isa = PBXFrameworksBuildPhase;
			buildActionMask = 2147483647;
			files = (
				7ED477468833326735939F17 /* Pods_chattyKathy.framework in Frameworks */,
			);
			runOnlyForDeploymentPostprocessing = 0;
		};
/* End PBXFrameworksBuildPhase section */

/* Begin PBXGroup section */
		5B30C0418A279F63D0424C38 /* Pods */ = {
			isa = PBXGroup;
			children = (
				745107BB576B292A723CB22F /* Pods-chattyKathy.debug.xcconfig */,
				ACE6D15860791054312D75A2 /* Pods-chattyKathy.release.xcconfig */,
			);
			name = Pods;
			sourceTree = "<group>";
		};
		CE464BA4B6D56CEFEF501F5C /* Frameworks */ = {
			isa = PBXGroup;
			children = (
				A34157D5A7D457C4737B4875 /* Pods_chattyKathy.framework */,
			);
			name = Frameworks;
			sourceTree = "<group>";
		};
		F79ACC7E204A4E3700B65AC3 = {
			isa = PBXGroup;
			children = (
				F79ACC89204A4E3700B65AC3 /* chattyKathy */,
				F79ACC88204A4E3700B65AC3 /* Products */,
				5B30C0418A279F63D0424C38 /* Pods */,
				CE464BA4B6D56CEFEF501F5C /* Frameworks */,
			);
			sourceTree = "<group>";
		};
		F79ACC88204A4E3700B65AC3 /* Products */ = {
			isa = PBXGroup;
			children = (
				F79ACC87204A4E3700B65AC3 /* chattyKathy.app */,
			);
			name = Products;
			sourceTree = "<group>";
		};
		F79ACC89204A4E3700B65AC3 /* chattyKathy */ = {
			isa = PBXGroup;
			children = (
				F79ACC8A204A4E3700B65AC3 /* AppDelegate.swift */,
				F79ACC8E204A4E3700B65AC3 /* Main.storyboard */,
				F79ACC9C204A4F4200B65AC3 /* LoginViewController.swift */,
				F79ACCA7204C8F4000B65AC3 /* Helper.swift */,
				F79ACC9E204A4FAE00B65AC3 /* ChatViewController.swift */,
				F79ACC91204A4E3700B65AC3 /* Assets.xcassets */,
				F79ACC93204A4E3700B65AC3 /* LaunchScreen.storyboard */,
				F79ACCA5204C843A00B65AC3 /* GoogleService-Info.plist */,
				F79ACC96204A4E3700B65AC3 /* Info.plist */,
			);
			path = chattyKathy;
			sourceTree = "<group>";
		};
/* End PBXGroup section */

/* Begin PBXNativeTarget section */
		F79ACC86204A4E3700B65AC3 /* chattyKathy */ = {
			isa = PBXNativeTarget;
			buildConfigurationList = F79ACC99204A4E3700B65AC3 /* Build configuration list for PBXNativeTarget "chattyKathy" */;
			buildPhases = (
				A362B77F2518FA269094DA24 /* [CP] Check Pods Manifest.lock */,
				F79ACC83204A4E3700B65AC3 /* Sources */,
				F79ACC84204A4E3700B65AC3 /* Frameworks */,
				F79ACC85204A4E3700B65AC3 /* Resources */,
				6410E062E8906260BC0584D8 /* [CP] Embed Pods Frameworks */,
				8A0D98D3EACE682A87F1884E /* [CP] Copy Pods Resources */,
			);
			buildRules = (
			);
			dependencies = (
			);
			name = chattyKathy;
			productName = chattyKathy;
			productReference = F79ACC87204A4E3700B65AC3 /* chattyKathy.app */;
			productType = "com.apple.product-type.application";
		};
/* End PBXNativeTarget section */

/* Begin PBXProject section */
		F79ACC7F204A4E3700B65AC3 /* Project object */ = {
			isa = PBXProject;
			attributes = {
				LastSwiftUpdateCheck = 0920;
				LastUpgradeCheck = 0920;
				ORGANIZATIONNAME = "Kevin Perkins";
				TargetAttributes = {
					F79ACC86204A4E3700B65AC3 = {
						CreatedOnToolsVersion = 9.2;
						ProvisioningStyle = Automatic;
					};
				};
			};
			buildConfigurationList = F79ACC82204A4E3700B65AC3 /* Build configuration list for PBXProject "chattyKathy" */;
			compatibilityVersion = "Xcode 8.0";
			developmentRegion = en;
			hasScannedForEncodings = 0;
			knownRegions = (
				en,
				Base,
			);
			mainGroup = F79ACC7E204A4E3700B65AC3;
			productRefGroup = F79ACC88204A4E3700B65AC3 /* Products */;
			projectDirPath = "";
			projectRoot = "";
			targets = (
				F79ACC86204A4E3700B65AC3 /* chattyKathy */,
			);
		};
/* End PBXProject section */

/* Begin PBXResourcesBuildPhase section */
		F79ACC85204A4E3700B65AC3 /* Resources */ = {
			isa = PBXResourcesBuildPhase;
			buildActionMask = 2147483647;
			files = (
				F79ACC95204A4E3700B65AC3 /* LaunchScreen.storyboard in Resources */,
				F79ACC92204A4E3700B65AC3 /* Assets.xcassets in Resources */,
				F79ACC90204A4E3700B65AC3 /* Main.storyboard in Resources */,
				F79ACCA6204C843A00B65AC3 /* GoogleService-Info.plist in Resources */,
			);
			runOnlyForDeploymentPostprocessing = 0;
		};
/* End PBXResourcesBuildPhase section */

/* Begin PBXShellScriptBuildPhase section */
		6410E062E8906260BC0584D8 /* [CP] Embed Pods Frameworks */ = {
			isa = PBXShellScriptBuildPhase;
			buildActionMask = 2147483647;
			files = (
			);
			inputPaths = (
				"${SRCROOT}/Pods/Target Support Files/Pods-chattyKathy/Pods-chattyKathy-frameworks.sh",
				"${BUILT_PRODUCTS_DIR}/GTMOAuth2/GTMOAuth2.framework",
				"${BUILT_PRODUCTS_DIR}/GTMSessionFetcher/GTMSessionFetcher.framework",
				"${BUILT_PRODUCTS_DIR}/GoogleToolboxForMac/GoogleToolboxForMac.framework",
				"${BUILT_PRODUCTS_DIR}/nanopb/nanopb.framework",
			);
			name = "[CP] Embed Pods Frameworks";
			outputPaths = (
				"${TARGET_BUILD_DIR}/${FRAMEWORKS_FOLDER_PATH}/GTMOAuth2.framework",
				"${TARGET_BUILD_DIR}/${FRAMEWORKS_FOLDER_PATH}/GTMSessionFetcher.framework",
				"${TARGET_BUILD_DIR}/${FRAMEWORKS_FOLDER_PATH}/GoogleToolboxForMac.framework",
				"${TARGET_BUILD_DIR}/${FRAMEWORKS_FOLDER_PATH}/nanopb.framework",
			);
			runOnlyForDeploymentPostprocessing = 0;
			shellPath = /bin/sh;
			shellScript = "\"${SRCROOT}/Pods/Target Support Files/Pods-chattyKathy/Pods-chattyKathy-frameworks.sh\"\n";
			showEnvVarsInLog = 0;
		};
		8A0D98D3EACE682A87F1884E /* [CP] Copy Pods Resources */ = {
			isa = PBXShellScriptBuildPhase;
			buildActionMask = 2147483647;
			files = (
			);
			inputPaths = (
				"${SRCROOT}/Pods/Target Support Files/Pods-chattyKathy/Pods-chattyKathy-resources.sh",
				"${PODS_ROOT}/GoogleSignIn/Resources/GoogleSignIn.bundle",
			);
			name = "[CP] Copy Pods Resources";
			outputPaths = (
				"${TARGET_BUILD_DIR}/${UNLOCALIZED_RESOURCES_FOLDER_PATH}/GoogleSignIn.bundle",
			);
			runOnlyForDeploymentPostprocessing = 0;
			shellPath = /bin/sh;
			shellScript = "\"${SRCROOT}/Pods/Target Support Files/Pods-chattyKathy/Pods-chattyKathy-resources.sh\"\n";
			showEnvVarsInLog = 0;
		};
		A362B77F2518FA269094DA24 /* [CP] Check Pods Manifest.lock */ = {
			isa = PBXShellScriptBuildPhase;
			buildActionMask = 2147483647;
			files = (
			);
			inputPaths = (
				"${PODS_PODFILE_DIR_PATH}/Podfile.lock",
				"${PODS_ROOT}/Manifest.lock",
			);
			name = "[CP] Check Pods Manifest.lock";
			outputPaths = (
				"$(DERIVED_FILE_DIR)/Pods-chattyKathy-checkManifestLockResult.txt",
			);
			runOnlyForDeploymentPostprocessing = 0;
			shellPath = /bin/sh;
			shellScript = "diff \"${PODS_PODFILE_DIR_PATH}/Podfile.lock\" \"${PODS_ROOT}/Manifest.lock\" > /dev/null\nif [ $? != 0 ] ; then\n    # print error to STDERR\n    echo \"error: The sandbox is not in sync with the Podfile.lock. Run 'pod install' or update your CocoaPods installation.\" >&2\n    exit 1\nfi\n# This output is used by Xcode 'outputs' to avoid re-running this script phase.\necho \"SUCCESS\" > \"${SCRIPT_OUTPUT_FILE_0}\"\n";
			showEnvVarsInLog = 0;
		};
/* End PBXShellScriptBuildPhase section */

/* Begin PBXSourcesBuildPhase section */
		F79ACC83204A4E3700B65AC3 /* Sources */ = {
			isa = PBXSourcesBuildPhase;
			buildActionMask = 2147483647;
			files = (
				F79ACC9D204A4F4200B65AC3 /* LoginViewController.swift in Sources */,
				F79ACC9F204A4FAE00B65AC3 /* ChatViewController.swift in Sources */,
				F79ACC8B204A4E3700B65AC3 /* AppDelegate.swift in Sources */,
				F79ACCA8204C8F4000B65AC3 /* Helper.swift in Sources */,
			);
			runOnlyForDeploymentPostprocessing = 0;
		};
/* End PBXSourcesBuildPhase section */

/* Begin PBXVariantGroup section */
		F79ACC8E204A4E3700B65AC3 /* Main.storyboard */ = {
			isa = PBXVariantGroup;
			children = (
				F79ACC8F204A4E3700B65AC3 /* Base */,
			);
			name = Main.storyboard;
			sourceTree = "<group>";
		};
		F79ACC93204A4E3700B65AC3 /* LaunchScreen.storyboard */ = {
			isa = PBXVariantGroup;
			children = (
				F79ACC94204A4E3700B65AC3 /* Base */,
			);
			name = LaunchScreen.storyboard;
			sourceTree = "<group>";
		};
/* End PBXVariantGroup section */

/* Begin XCBuildConfiguration section */
		F79ACC97204A4E3700B65AC3 /* Debug */ = {
			isa = XCBuildConfiguration;
			buildSettings = {
				ALWAYS_SEARCH_USER_PATHS = NO;
				CLANG_ANALYZER_NONNULL = YES;
				CLANG_ANALYZER_NUMBER_OBJECT_CONVERSION = YES_AGGRESSIVE;
				CLANG_CXX_LANGUAGE_STANDARD = "gnu++14";
				CLANG_CXX_LIBRARY = "libc++";
				CLANG_ENABLE_MODULES = YES;
				CLANG_ENABLE_OBJC_ARC = YES;
				CLANG_WARN_BLOCK_CAPTURE_AUTORELEASING = YES;
				CLANG_WARN_BOOL_CONVERSION = YES;
				CLANG_WARN_COMMA = YES;
				CLANG_WARN_CONSTANT_CONVERSION = YES;
				CLANG_WARN_DIRECT_OBJC_ISA_USAGE = YES_ERROR;
				CLANG_WARN_DOCUMENTATION_COMMENTS = YES;
				CLANG_WARN_EMPTY_BODY = YES;
				CLANG_WARN_ENUM_CONVERSION = YES;
				CLANG_WARN_INFINITE_RECURSION = YES;
				CLANG_WARN_INT_CONVERSION = YES;
				CLANG_WARN_NON_LITERAL_NULL_CONVERSION = YES;
				CLANG_WARN_OBJC_LITERAL_CONVERSION = YES;
				CLANG_WARN_OBJC_ROOT_CLASS = YES_ERROR;
				CLANG_WARN_RANGE_LOOP_ANALYSIS = YES;
				CLANG_WARN_STRICT_PROTOTYPES = YES;
				CLANG_WARN_SUSPICIOUS_MOVE = YES;
				CLANG_WARN_UNGUARDED_AVAILABILITY = YES_AGGRESSIVE;
				CLANG_WARN_UNREACHABLE_CODE = YES;
				CLANG_WARN__DUPLICATE_METHOD_MATCH = YES;
				CODE_SIGN_IDENTITY = "iPhone Developer";
				COPY_PHASE_STRIP = NO;
				DEBUG_INFORMATION_FORMAT = dwarf;
				ENABLE_STRICT_OBJC_MSGSEND = YES;
				ENABLE_TESTABILITY = YES;
				GCC_C_LANGUAGE_STANDARD = gnu11;
				GCC_DYNAMIC_NO_PIC = NO;
				GCC_NO_COMMON_BLOCKS = YES;
				GCC_OPTIMIZATION_LEVEL = 0;
				GCC_PREPROCESSOR_DEFINITIONS = (
					"DEBUG=1",
					"$(inherited)",
				);
				GCC_WARN_64_TO_32_BIT_CONVERSION = YES;
				GCC_WARN_ABOUT_RETURN_TYPE = YES_ERROR;
				GCC_WARN_UNDECLARED_SELECTOR = YES;
				GCC_WARN_UNINITIALIZED_AUTOS = YES_AGGRESSIVE;
				GCC_WARN_UNUSED_FUNCTION = YES;
				GCC_WARN_UNUSED_VARIABLE = YES;
				IPHONEOS_DEPLOYMENT_TARGET = 11.2;
				MTL_ENABLE_DEBUG_INFO = YES;
				ONLY_ACTIVE_ARCH = YES;
				SDKROOT = iphoneos;
				SWIFT_ACTIVE_COMPILATION_CONDITIONS = DEBUG;
				SWIFT_OPTIMIZATION_LEVEL = "-Onone";
			};
			name = Debug;
		};
		F79ACC98204A4E3700B65AC3 /* Release */ = {
			isa = XCBuildConfiguration;
			buildSettings = {
				ALWAYS_SEARCH_USER_PATHS = NO;
				CLANG_ANALYZER_NONNULL = YES;
				CLANG_ANALYZER_NUMBER_OBJECT_CONVERSION = YES_AGGRESSIVE;
				CLANG_CXX_LANGUAGE_STANDARD = "gnu++14";
				CLANG_CXX_LIBRARY = "libc++";
				CLANG_ENABLE_MODULES = YES;
				CLANG_ENABLE_OBJC_ARC = YES;
				CLANG_WARN_BLOCK_CAPTURE_AUTORELEASING = YES;
				CLANG_WARN_BOOL_CONVERSION = YES;
				CLANG_WARN_COMMA = YES;
				CLANG_WARN_CONSTANT_CONVERSION = YES;
				CLANG_WARN_DIRECT_OBJC_ISA_USAGE = YES_ERROR;
				CLANG_WARN_DOCUMENTATION_COMMENTS = YES;
				CLANG_WARN_EMPTY_BODY = YES;
				CLANG_WARN_ENUM_CONVERSION = YES;
				CLANG_WARN_INFINITE_RECURSION = YES;
				CLANG_WARN_INT_CONVERSION = YES;
				CLANG_WARN_NON_LITERAL_NULL_CONVERSION = YES;
				CLANG_WARN_OBJC_LITERAL_CONVERSION = YES;
				CLANG_WARN_OBJC_ROOT_CLASS = YES_ERROR;
				CLANG_WARN_RANGE_LOOP_ANALYSIS = YES;
				CLANG_WARN_STRICT_PROTOTYPES = YES;
				CLANG_WARN_SUSPICIOUS_MOVE = YES;
				CLANG_WARN_UNGUARDED_AVAILABILITY = YES_AGGRESSIVE;
				CLANG_WARN_UNREACHABLE_CODE = YES;
				CLANG_WARN__DUPLICATE_METHOD_MATCH = YES;
				CODE_SIGN_IDENTITY = "iPhone Developer";
				COPY_PHASE_STRIP = NO;
				DEBUG_INFORMATION_FORMAT = "dwarf-with-dsym";
				ENABLE_NS_ASSERTIONS = NO;
				ENABLE_STRICT_OBJC_MSGSEND = YES;
				GCC_C_LANGUAGE_STANDARD = gnu11;
				GCC_NO_COMMON_BLOCKS = YES;
				GCC_WARN_64_TO_32_BIT_CONVERSION = YES;
				GCC_WARN_ABOUT_RETURN_TYPE = YES_ERROR;
				GCC_WARN_UNDECLARED_SELECTOR = YES;
				GCC_WARN_UNINITIALIZED_AUTOS = YES_AGGRESSIVE;
				GCC_WARN_UNUSED_FUNCTION = YES;
				GCC_WARN_UNUSED_VARIABLE = YES;
				IPHONEOS_DEPLOYMENT_TARGET = 11.2;
				MTL_ENABLE_DEBUG_INFO = NO;
				SDKROOT = iphoneos;
				SWIFT_OPTIMIZATION_LEVEL = "-Owholemodule";
				VALIDATE_PRODUCT = YES;
			};
			name = Release;
		};
		F79ACC9A204A4E3700B65AC3 /* Debug */ = {
			isa = XCBuildConfiguration;
			baseConfigurationReference = 745107BB576B292A723CB22F /* Pods-chattyKathy.debug.xcconfig */;
			buildSettings = {
				ASSETCATALOG_COMPILER_APPICON_NAME = AppIcon;
				CODE_SIGN_STYLE = Automatic;
				DEVELOPMENT_TEAM = 78MFJK7U55;
				INFOPLIST_FILE = chattyKathy/Info.plist;
				LD_RUNPATH_SEARCH_PATHS = "$(inherited) @executable_path/Frameworks";
				PRODUCT_BUNDLE_IDENTIFIER = com.kevincperkins.chattyKathy;
				PRODUCT_NAME = "$(TARGET_NAME)";
				SWIFT_VERSION = 4.0;
				TARGETED_DEVICE_FAMILY = "1,2";
			};
			name = Debug;
		};
		F79ACC9B204A4E3700B65AC3 /* Release */ = {
			isa = XCBuildConfiguration;
			baseConfigurationReference = ACE6D15860791054312D75A2 /* Pods-chattyKathy.release.xcconfig */;
			buildSettings = {
				ASSETCATALOG_COMPILER_APPICON_NAME = AppIcon;
				CODE_SIGN_STYLE = Automatic;
				DEVELOPMENT_TEAM = 78MFJK7U55;
				INFOPLIST_FILE = chattyKathy/Info.plist;
				LD_RUNPATH_SEARCH_PATHS = "$(inherited) @executable_path/Frameworks";
				PRODUCT_BUNDLE_IDENTIFIER = com.kevincperkins.chattyKathy;
				PRODUCT_NAME = "$(TARGET_NAME)";
				SWIFT_VERSION = 4.0;
				TARGETED_DEVICE_FAMILY = "1,2";
			};
			name = Release;
		};
/* End XCBuildConfiguration section */

/* Begin XCConfigurationList section */
		F79ACC82204A4E3700B65AC3 /* Build configuration list for PBXProject "chattyKathy" */ = {
			isa = XCConfigurationList;
			buildConfigurations = (
				F79ACC97204A4E3700B65AC3 /* Debug */,
				F79ACC98204A4E3700B65AC3 /* Release */,
			);
			defaultConfigurationIsVisible = 0;
			defaultConfigurationName = Release;
		};
		F79ACC99204A4E3700B65AC3 /* Build configuration list for PBXNativeTarget "chattyKathy" */ = {
			isa = XCConfigurationList;
			buildConfigurations = (
				F79ACC9A204A4E3700B65AC3 /* Debug */,
				F79ACC9B204A4E3700B65AC3 /* Release */,
			);
			defaultConfigurationIsVisible = 0;
			defaultConfigurationName = Release;
		};
/* End XCConfigurationList section */
	};
	rootObject = F79ACC7F204A4E3700B65AC3 /* Project object */;
}
